
Microsoft Visual Studio Solution File, Format Version 12.00
# Visual Studio Version 16
VisualStudioVersion = 16.0.31321.278
MinimumVisualStudioVersion = 10.0.40219.1
Project("{8BC9CEB8-8B4A-11D0-8D11-00A0C91BC942}") = "QRouter", "QRouter.vcxproj", "{B12994E5-2FE9-4555-BCB9-81B330271D69}"
EndProject
Global
	GlobalSection(SolutionConfigurationPlatforms) = preSolution
		Debug|x86 = Debug|x86
		Release|x86 = Release|x86
	EndGlobalSection
	GlobalSection(ProjectConfigurationPlatforms) = postSolution
		{B12994E5-2FE9-4555-BCB9-81B330271D69}.Debug|x86.ActiveCfg = Debug|Win32
		{B12994E5-2FE9-4555-BCB9-81B330271D69}.Debug|x86.Build.0 = Debug|Win32
		{B12994E5-2FE9-4555-BCB9-81B330271D69}.Release|x86.ActiveCfg = Release|Win32
		{B12994E5-2FE9-4555-BCB9-81B330271D69}.Release|x86.Build.0 = Release|Win32
	EndGlobalSection
	GlobalSection(SolutionProperties) = preSolution
		HideSolutionNode = FALSE
	EndGlobalSection
	GlobalSection(ExtensibilityGlobals) = postSolution
		SolutionGuid = {62555E68-5FB4-4234-9BEE-0AD01EF758B7}
	EndGlobalSection
EndGlobal
